
Microsoft Visual Studio Solution File, Format Version 12.00
Project("{FAE04EC0-301F-11D3-BF4B-00C04F79EFBC}") = "cours29-01", "cours29-01\cours29-01.csproj", "{6CBFBEFF-005A-4B1B-B976-1606287D55B2}"
EndProject
Global
	GlobalSection(SolutionConfigurationPlatforms) = preSolution
		Debug|Any CPU = Debug|Any CPU
		Release|Any CPU = Release|Any CPU
	EndGlobalSection
	GlobalSection(ProjectConfigurationPlatforms) = postSolution
		{6CBFBEFF-005A-4B1B-B976-1606287D55B2}.Debug|Any CPU.ActiveCfg = Debug|Any CPU
		{6CBFBEFF-005A-4B1B-B976-1606287D55B2}.Debug|Any CPU.Build.0 = Debug|Any CPU
		{6CBFBEFF-005A-4B1B-B976-1606287D55B2}.Release|Any CPU.ActiveCfg = Release|Any CPU
		{6CBFBEFF-005A-4B1B-B976-1606287D55B2}.Release|Any CPU.Build.0 = Release|Any CPU
	EndGlobalSection
EndGlobal
