
Microsoft Visual Studio Solution File, Format Version 12.00
Project("{FAE04EC0-301F-11D3-BF4B-00C04F79EFBC}") = "cours12-02", "cours12-02\cours12-02.csproj", "{D71C90DB-68A8-4A39-A03D-044E82ACD30D}"
EndProject
Global
	GlobalSection(SolutionConfigurationPlatforms) = preSolution
		Debug|Any CPU = Debug|Any CPU
		Release|Any CPU = Release|Any CPU
	EndGlobalSection
	GlobalSection(ProjectConfigurationPlatforms) = postSolution
		{D71C90DB-68A8-4A39-A03D-044E82ACD30D}.Debug|Any CPU.ActiveCfg = Debug|Any CPU
		{D71C90DB-68A8-4A39-A03D-044E82ACD30D}.Debug|Any CPU.Build.0 = Debug|Any CPU
		{D71C90DB-68A8-4A39-A03D-044E82ACD30D}.Release|Any CPU.ActiveCfg = Release|Any CPU
		{D71C90DB-68A8-4A39-A03D-044E82ACD30D}.Release|Any CPU.Build.0 = Release|Any CPU
	EndGlobalSection
EndGlobal
